<?xml version="1.0" encoding="UTF-8" standalone="yes" ?>
<CodeBlocks_project_file>
	<FileVersion major="1" minor="6" />
	<Project>
		<Option title="atm emulator system" />
		<Option pch_mode="2" />
		<Option compiler="gcc" />
		<Build>
			<Target title="Debug">
				<Option output="bin/Debug/atm emulator system" prefix_auto="1" extension_auto="1" />
				<Option object_output="obj/Debug/" />
				<Option type="1" />
				<Option compiler="gcc" />
				<Compiler>
					<Add option="-g" />
				</Compiler>
			</Target>
			<Target title="Release">
				<Option output="bin/Release/atm emulator system" prefix_auto="1" extension_auto="1" />
				<Option object_output="obj/Release/" />
				<Option type="1" />
				<Option compiler="gcc" />
				<Compiler>
					<Add option="-O2" />
				</Compiler>
				<Linker>
					<Add option="-s" />
				</Linker>
			</Target>
		</Build>
		<Compiler>
			<Add option="-Wall" />
			<Add option="-fexceptions" />
		</Compiler>
		<Unit filename="Decoration.cpp" />
		<Unit filename="Decoration.h" />
		<Unit filename="Exception.cpp" />
		<Unit filename="Exception.h" />
		<Unit filename="MainMenu.cpp" />
		<Unit filename="MainMenu.h" />
		<Unit filename="NewVerify.cpp" />
		<Unit filename="NewVerify.h" />
		<Unit filename="NodePtr.h" />
		<Unit filename="Operations.cpp" />
		<Unit filename="Operations.h" />
		<Unit filename="StackPtr.h" />
		<Unit filename="TheMainClass.cpp" />
		<Unit filename="TheMainClass.h" />
		<Unit filename="Verify.cpp" />
		<Unit filename="Verify.h" />
		<Unit filename="main.cpp" />
		<Unit filename="structures.h" />
		<Extensions>
			<code_completion />
			<envvars />
			<debugger />
			<lib_finder disable_auto="1" />
		</Extensions>
	</Project>
</CodeBlocks_project_file>
